
Microsoft Visual Studio Solution File, Format Version 12.00
# Visual Studio 15
VisualStudioVersion = 15.0.28307.489
MinimumVisualStudioVersion = 10.0.40219.1
Project("{FAE04EC0-301F-11D3-BF4B-00C04F79EFBC}") = "DoubleExtensions", "DoubleExtensions\DoubleExtensions.csproj", "{1442EBC5-FB22-4366-99F1-B04E2A8D4D1F}"
EndProject
Project("{FAE04EC0-301F-11D3-BF4B-00C04F79EFBC}") = "DoubleExtensions.Tests", "DoubleExtensions.Tests\DoubleExtensions.Tests.csproj", "{F0AC9712-9B0B-4043-A241-BE1A9747310C}"
EndProject
Project("{FAE04EC0-301F-11D3-BF4B-00C04F79EFBC}") = "Polynomial", "Polynomial\Polynomial.csproj", "{C7F8D49F-8398-4A94-973B-65A64AC17D61}"
EndProject
Project("{FAE04EC0-301F-11D3-BF4B-00C04F79EFBC}") = "Polynomial.Tests", "Polynomial.Tests\Polynomial.Tests.csproj", "{9BD38D8B-7195-4FAE-832D-385FBCC9B047}"
EndProject
Project("{FAE04EC0-301F-11D3-BF4B-00C04F79EFBC}") = "DoubleFormatting", "DoubleFormatting\DoubleFormatting.csproj", "{D919324E-EB72-4487-B361-AE84E79E0706}"
EndProject
Project("{FAE04EC0-301F-11D3-BF4B-00C04F79EFBC}") = "DoubleFormatting.Tests", "DoubleFormatting.Tests\DoubleFormatting.Tests.csproj", "{D4F8E410-B444-49E2-A8F7-F4B5D3F74808}"
EndProject
Global
	GlobalSection(SolutionConfigurationPlatforms) = preSolution
		Debug|Any CPU = Debug|Any CPU
		Release|Any CPU = Release|Any CPU
	EndGlobalSection
	GlobalSection(ProjectConfigurationPlatforms) = postSolution
		{1442EBC5-FB22-4366-99F1-B04E2A8D4D1F}.Debug|Any CPU.ActiveCfg = Debug|Any CPU
		{1442EBC5-FB22-4366-99F1-B04E2A8D4D1F}.Debug|Any CPU.Build.0 = Debug|Any CPU
		{1442EBC5-FB22-4366-99F1-B04E2A8D4D1F}.Release|Any CPU.ActiveCfg = Release|Any CPU
		{1442EBC5-FB22-4366-99F1-B04E2A8D4D1F}.Release|Any CPU.Build.0 = Release|Any CPU
		{F0AC9712-9B0B-4043-A241-BE1A9747310C}.Debug|Any CPU.ActiveCfg = Debug|Any CPU
		{F0AC9712-9B0B-4043-A241-BE1A9747310C}.Debug|Any CPU.Build.0 = Debug|Any CPU
		{F0AC9712-9B0B-4043-A241-BE1A9747310C}.Release|Any CPU.ActiveCfg = Release|Any CPU
		{F0AC9712-9B0B-4043-A241-BE1A9747310C}.Release|Any CPU.Build.0 = Release|Any CPU
		{C7F8D49F-8398-4A94-973B-65A64AC17D61}.Debug|Any CPU.ActiveCfg = Debug|Any CPU
		{C7F8D49F-8398-4A94-973B-65A64AC17D61}.Debug|Any CPU.Build.0 = Debug|Any CPU
		{C7F8D49F-8398-4A94-973B-65A64AC17D61}.Release|Any CPU.ActiveCfg = Release|Any CPU
		{C7F8D49F-8398-4A94-973B-65A64AC17D61}.Release|Any CPU.Build.0 = Release|Any CPU
		{9BD38D8B-7195-4FAE-832D-385FBCC9B047}.Debug|Any CPU.ActiveCfg = Debug|Any CPU
		{9BD38D8B-7195-4FAE-832D-385FBCC9B047}.Debug|Any CPU.Build.0 = Debug|Any CPU
		{9BD38D8B-7195-4FAE-832D-385FBCC9B047}.Release|Any CPU.ActiveCfg = Release|Any CPU
		{9BD38D8B-7195-4FAE-832D-385FBCC9B047}.Release|Any CPU.Build.0 = Release|Any CPU
		{D919324E-EB72-4487-B361-AE84E79E0706}.Debug|Any CPU.ActiveCfg = Debug|Any CPU
		{D919324E-EB72-4487-B361-AE84E79E0706}.Debug|Any CPU.Build.0 = Debug|Any CPU
		{D919324E-EB72-4487-B361-AE84E79E0706}.Release|Any CPU.ActiveCfg = Release|Any CPU
		{D919324E-EB72-4487-B361-AE84E79E0706}.Release|Any CPU.Build.0 = Release|Any CPU
		{D4F8E410-B444-49E2-A8F7-F4B5D3F74808}.Debug|Any CPU.ActiveCfg = Debug|Any CPU
		{D4F8E410-B444-49E2-A8F7-F4B5D3F74808}.Debug|Any CPU.Build.0 = Debug|Any CPU
		{D4F8E410-B444-49E2-A8F7-F4B5D3F74808}.Release|Any CPU.ActiveCfg = Release|Any CPU
		{D4F8E410-B444-49E2-A8F7-F4B5D3F74808}.Release|Any CPU.Build.0 = Release|Any CPU
	EndGlobalSection
	GlobalSection(SolutionProperties) = preSolution
		HideSolutionNode = FALSE
	EndGlobalSection
	GlobalSection(ExtensibilityGlobals) = postSolution
		SolutionGuid = {1172EF21-8980-46B3-BA0E-0E655013ADE1}
	EndGlobalSection
EndGlobal
